
Microsoft Visual Studio Solution File, Format Version 12.00
# Visual Studio 15
VisualStudioVersion = 15.0.26430.14
MinimumVisualStudioVersion = 10.0.40219.1
Project("{9A19103F-16F7-4668-BE54-9A1E7A4F7556}") = "JsonSubTypes", "JsonSubTypes\JsonSubTypes.csproj", "{C133EBE9-0E84-44BC-920F-137BB0FEC7FD}"
EndProject
Project("{FAE04EC0-301F-11D3-BF4B-00C04F79EFBC}") = "JsonSubTypes.Tests", "JsonSubTypes.Tests\JsonSubTypes.Tests.csproj", "{DFE69232-1753-4FAD-ACF3-E8A9BBF434F1}"
EndProject
Global
	GlobalSection(SolutionConfigurationPlatforms) = preSolution
		Debug|Any CPU = Debug|Any CPU
		Release|Any CPU = Release|Any CPU
	EndGlobalSection
	GlobalSection(ProjectConfigurationPlatforms) = postSolution
		{C133EBE9-0E84-44BC-920F-137BB0FEC7FD}.Debug|Any CPU.ActiveCfg = Debug|Any CPU
		{C133EBE9-0E84-44BC-920F-137BB0FEC7FD}.Debug|Any CPU.Build.0 = Debug|Any CPU
		{C133EBE9-0E84-44BC-920F-137BB0FEC7FD}.Release|Any CPU.ActiveCfg = Release|Any CPU
		{C133EBE9-0E84-44BC-920F-137BB0FEC7FD}.Release|Any CPU.Build.0 = Release|Any CPU
		{DFE69232-1753-4FAD-ACF3-E8A9BBF434F1}.Debug|Any CPU.ActiveCfg = Debug|Any CPU
		{DFE69232-1753-4FAD-ACF3-E8A9BBF434F1}.Debug|Any CPU.Build.0 = Debug|Any CPU
		{DFE69232-1753-4FAD-ACF3-E8A9BBF434F1}.Release|Any CPU.ActiveCfg = Release|Any CPU
		{DFE69232-1753-4FAD-ACF3-E8A9BBF434F1}.Release|Any CPU.Build.0 = Release|Any CPU
	EndGlobalSection
	GlobalSection(SolutionProperties) = preSolution
		HideSolutionNode = FALSE
	EndGlobalSection
EndGlobal
